
Microsoft Visual Studio Solution File, Format Version 12.00
# Visual Studio Version 17
VisualStudioVersion = 17.6.33801.468
MinimumVisualStudioVersion = 10.0.40219.1
Project("{FAE04EC0-301F-11D3-BF4B-00C04F79EFBC}") = "Unnatural sorting", "Unnatural sorting\Unnatural sorting.csproj", "{DFA56E45-8F0D-445C-AB74-A08A7A76EE7E}"
EndProject
Global
	GlobalSection(SolutionConfigurationPlatforms) = preSolution
		Debug|Any CPU = Debug|Any CPU
		Release|Any CPU = Release|Any CPU
	EndGlobalSection
	GlobalSection(ProjectConfigurationPlatforms) = postSolution
		{DFA56E45-8F0D-445C-AB74-A08A7A76EE7E}.Debug|Any CPU.ActiveCfg = Debug|Any CPU
		{DFA56E45-8F0D-445C-AB74-A08A7A76EE7E}.Debug|Any CPU.Build.0 = Debug|Any CPU
		{DFA56E45-8F0D-445C-AB74-A08A7A76EE7E}.Release|Any CPU.ActiveCfg = Release|Any CPU
		{DFA56E45-8F0D-445C-AB74-A08A7A76EE7E}.Release|Any CPU.Build.0 = Release|Any CPU
	EndGlobalSection
	GlobalSection(SolutionProperties) = preSolution
		HideSolutionNode = FALSE
	EndGlobalSection
	GlobalSection(ExtensibilityGlobals) = postSolution
		SolutionGuid = {C125BBAD-38E3-4715-BEFD-B29165F29375}
	EndGlobalSection
EndGlobal
